
Microsoft Visual Studio Solution File, Format Version 12.00
# Visual Studio 15
VisualStudioVersion = 15.0.27428.2015
MinimumVisualStudioVersion = 10.0.40219.1
Project("{FAE04EC0-301F-11D3-BF4B-00C04F79EFBC}") = "Csharp_WPF", "Csharp_WPF\Csharp_WPF.csproj", "{D13B338F-1C3D-43F4-A2F7-F51BE9E68302}"
EndProject
Global
	GlobalSection(SolutionConfigurationPlatforms) = preSolution
		Debug|Any CPU = Debug|Any CPU
		Release|Any CPU = Release|Any CPU
	EndGlobalSection
	GlobalSection(ProjectConfigurationPlatforms) = postSolution
		{D13B338F-1C3D-43F4-A2F7-F51BE9E68302}.Debug|Any CPU.ActiveCfg = Debug|Any CPU
		{D13B338F-1C3D-43F4-A2F7-F51BE9E68302}.Debug|Any CPU.Build.0 = Debug|Any CPU
		{D13B338F-1C3D-43F4-A2F7-F51BE9E68302}.Release|Any CPU.ActiveCfg = Release|Any CPU
		{D13B338F-1C3D-43F4-A2F7-F51BE9E68302}.Release|Any CPU.Build.0 = Release|Any CPU
	EndGlobalSection
	GlobalSection(SolutionProperties) = preSolution
		HideSolutionNode = FALSE
	EndGlobalSection
	GlobalSection(ExtensibilityGlobals) = postSolution
		SolutionGuid = {844BF6EA-82C1-4C98-AB7A-68A96F2A382F}
	EndGlobalSection
EndGlobal
